
Microsoft Visual Studio Solution File, Format Version 12.00
# Visual Studio Version 17
VisualStudioVersion = 17.11.35219.272
MinimumVisualStudioVersion = 10.0.40219.1
Project("{9A19103F-16F7-4668-BE54-9A1E7A4F7556}") = "Car", "Car\Car.csproj", "{720E34B7-CDB4-4BE5-A0AC-34CCE497A58C}"
EndProject
Project("{9A19103F-16F7-4668-BE54-9A1E7A4F7556}") = "Car.ApplicationServices", "Car.ApplicationServices\Car.ApplicationServices.csproj", "{3117CE4C-DDF8-433F-9EB7-59F8EC8561DB}"
EndProject
Project("{9A19103F-16F7-4668-BE54-9A1E7A4F7556}") = "Car.Core", "Car.Core\Car.Core.csproj", "{BB06DCA2-4818-46AB-B34F-126E8F52D77D}"
EndProject
Project("{9A19103F-16F7-4668-BE54-9A1E7A4F7556}") = "Car.Data", "Car.Data\Car.Data.csproj", "{3CEBC4A2-2AAB-4AA8-8BD8-B827156F4842}"
EndProject
Project("{9A19103F-16F7-4668-BE54-9A1E7A4F7556}") = "CarTest", "CarTest\CarTest.csproj", "{7B301BB4-F7CB-44DD-B731-07822CC5BFD2}"
EndProject
Global
	GlobalSection(SolutionConfigurationPlatforms) = preSolution
		Debug|Any CPU = Debug|Any CPU
		Release|Any CPU = Release|Any CPU
	EndGlobalSection
	GlobalSection(ProjectConfigurationPlatforms) = postSolution
		{720E34B7-CDB4-4BE5-A0AC-34CCE497A58C}.Debug|Any CPU.ActiveCfg = Debug|Any CPU
		{720E34B7-CDB4-4BE5-A0AC-34CCE497A58C}.Debug|Any CPU.Build.0 = Debug|Any CPU
		{720E34B7-CDB4-4BE5-A0AC-34CCE497A58C}.Release|Any CPU.ActiveCfg = Release|Any CPU
		{720E34B7-CDB4-4BE5-A0AC-34CCE497A58C}.Release|Any CPU.Build.0 = Release|Any CPU
		{3117CE4C-DDF8-433F-9EB7-59F8EC8561DB}.Debug|Any CPU.ActiveCfg = Debug|Any CPU
		{3117CE4C-DDF8-433F-9EB7-59F8EC8561DB}.Debug|Any CPU.Build.0 = Debug|Any CPU
		{3117CE4C-DDF8-433F-9EB7-59F8EC8561DB}.Release|Any CPU.ActiveCfg = Release|Any CPU
		{3117CE4C-DDF8-433F-9EB7-59F8EC8561DB}.Release|Any CPU.Build.0 = Release|Any CPU
		{BB06DCA2-4818-46AB-B34F-126E8F52D77D}.Debug|Any CPU.ActiveCfg = Debug|Any CPU
		{BB06DCA2-4818-46AB-B34F-126E8F52D77D}.Debug|Any CPU.Build.0 = Debug|Any CPU
		{BB06DCA2-4818-46AB-B34F-126E8F52D77D}.Release|Any CPU.ActiveCfg = Release|Any CPU
		{BB06DCA2-4818-46AB-B34F-126E8F52D77D}.Release|Any CPU.Build.0 = Release|Any CPU
		{3CEBC4A2-2AAB-4AA8-8BD8-B827156F4842}.Debug|Any CPU.ActiveCfg = Debug|Any CPU
		{3CEBC4A2-2AAB-4AA8-8BD8-B827156F4842}.Debug|Any CPU.Build.0 = Debug|Any CPU
		{3CEBC4A2-2AAB-4AA8-8BD8-B827156F4842}.Release|Any CPU.ActiveCfg = Release|Any CPU
		{3CEBC4A2-2AAB-4AA8-8BD8-B827156F4842}.Release|Any CPU.Build.0 = Release|Any CPU
		{7B301BB4-F7CB-44DD-B731-07822CC5BFD2}.Debug|Any CPU.ActiveCfg = Debug|Any CPU
		{7B301BB4-F7CB-44DD-B731-07822CC5BFD2}.Debug|Any CPU.Build.0 = Debug|Any CPU
		{7B301BB4-F7CB-44DD-B731-07822CC5BFD2}.Release|Any CPU.ActiveCfg = Release|Any CPU
		{7B301BB4-F7CB-44DD-B731-07822CC5BFD2}.Release|Any CPU.Build.0 = Release|Any CPU
	EndGlobalSection
	GlobalSection(SolutionProperties) = preSolution
		HideSolutionNode = FALSE
	EndGlobalSection
	GlobalSection(ExtensibilityGlobals) = postSolution
		SolutionGuid = {CEB7C135-21BE-445D-8A89-FD31A26F5FF4}
	EndGlobalSection
EndGlobal
