
Microsoft Visual Studio Solution File, Format Version 12.00
# Visual Studio Version 17
VisualStudioVersion = 17.11.35219.272
MinimumVisualStudioVersion = 10.0.40219.1
Project("{FAE04EC0-301F-11D3-BF4B-00C04F79EFBC}") = "Car", "Car.csproj", "{920194AC-E242-4006-B5D5-22ECFA9A7237}"
EndProject
Project("{FAE04EC0-301F-11D3-BF4B-00C04F79EFBC}") = "Car.Core", "..\Car.Core\Car.Core.csproj", "{26B65390-3355-4731-A735-BBB6D47C0ACC}"
EndProject
Project("{FAE04EC0-301F-11D3-BF4B-00C04F79EFBC}") = "Car.ApplicationServices", "..\Car.ApplicationServices\Car.ApplicationServices.csproj", "{C6CA6C1C-5700-4A26-883F-21369DFC797E}"
EndProject
Project("{FAE04EC0-301F-11D3-BF4B-00C04F79EFBC}") = "Car.Data", "..\Car.Data\Car.Data.csproj", "{F5172F70-404D-46E3-9D7B-E3EA81472071}"
EndProject
Project("{FAE04EC0-301F-11D3-BF4B-00C04F79EFBC}") = "CarTest", "..\CarTest\CarTest.csproj", "{04983E4D-8B9C-4DB1-9D0A-C41AF6776DA9}"
EndProject
Global
	GlobalSection(SolutionConfigurationPlatforms) = preSolution
		Debug|Any CPU = Debug|Any CPU
		Release|Any CPU = Release|Any CPU
	EndGlobalSection
	GlobalSection(ProjectConfigurationPlatforms) = postSolution
		{920194AC-E242-4006-B5D5-22ECFA9A7237}.Debug|Any CPU.ActiveCfg = Debug|Any CPU
		{920194AC-E242-4006-B5D5-22ECFA9A7237}.Debug|Any CPU.Build.0 = Debug|Any CPU
		{920194AC-E242-4006-B5D5-22ECFA9A7237}.Release|Any CPU.ActiveCfg = Release|Any CPU
		{920194AC-E242-4006-B5D5-22ECFA9A7237}.Release|Any CPU.Build.0 = Release|Any CPU
		{26B65390-3355-4731-A735-BBB6D47C0ACC}.Debug|Any CPU.ActiveCfg = Debug|Any CPU
		{26B65390-3355-4731-A735-BBB6D47C0ACC}.Debug|Any CPU.Build.0 = Debug|Any CPU
		{26B65390-3355-4731-A735-BBB6D47C0ACC}.Release|Any CPU.ActiveCfg = Release|Any CPU
		{26B65390-3355-4731-A735-BBB6D47C0ACC}.Release|Any CPU.Build.0 = Release|Any CPU
		{C6CA6C1C-5700-4A26-883F-21369DFC797E}.Debug|Any CPU.ActiveCfg = Debug|Any CPU
		{C6CA6C1C-5700-4A26-883F-21369DFC797E}.Debug|Any CPU.Build.0 = Debug|Any CPU
		{C6CA6C1C-5700-4A26-883F-21369DFC797E}.Release|Any CPU.ActiveCfg = Release|Any CPU
		{C6CA6C1C-5700-4A26-883F-21369DFC797E}.Release|Any CPU.Build.0 = Release|Any CPU
		{F5172F70-404D-46E3-9D7B-E3EA81472071}.Debug|Any CPU.ActiveCfg = Debug|Any CPU
		{F5172F70-404D-46E3-9D7B-E3EA81472071}.Debug|Any CPU.Build.0 = Debug|Any CPU
		{F5172F70-404D-46E3-9D7B-E3EA81472071}.Release|Any CPU.ActiveCfg = Release|Any CPU
		{F5172F70-404D-46E3-9D7B-E3EA81472071}.Release|Any CPU.Build.0 = Release|Any CPU
		{04983E4D-8B9C-4DB1-9D0A-C41AF6776DA9}.Debug|Any CPU.ActiveCfg = Debug|Any CPU
		{04983E4D-8B9C-4DB1-9D0A-C41AF6776DA9}.Debug|Any CPU.Build.0 = Debug|Any CPU
		{04983E4D-8B9C-4DB1-9D0A-C41AF6776DA9}.Release|Any CPU.ActiveCfg = Release|Any CPU
		{04983E4D-8B9C-4DB1-9D0A-C41AF6776DA9}.Release|Any CPU.Build.0 = Release|Any CPU
	EndGlobalSection
	GlobalSection(SolutionProperties) = preSolution
		HideSolutionNode = FALSE
	EndGlobalSection
	GlobalSection(ExtensibilityGlobals) = postSolution
		SolutionGuid = {CEB7C135-21BE-445D-8A89-FD31A26F5FF4}
	EndGlobalSection
EndGlobal
